
Microsoft Visual Studio Solution File, Format Version 12.00
# Visual Studio Version 17
VisualStudioVersion = 17.13.35825.156 d17.13
MinimumVisualStudioVersion = 10.0.40219.1
Project("{FAE04EC0-301F-11D3-BF4B-00C04F79EFBC}") = "rename", "rename.csproj", "{5E146EA5-3F28-4B55-B9DF-8DD9C1217821}"
EndProject
Global
	GlobalSection(SolutionConfigurationPlatforms) = preSolution
		Debug|Any CPU = Debug|Any CPU
		Release|Any CPU = Release|Any CPU
	EndGlobalSection
	GlobalSection(ProjectConfigurationPlatforms) = postSolution
		{5E146EA5-3F28-4B55-B9DF-8DD9C1217821}.Debug|Any CPU.ActiveCfg = Debug|Any CPU
		{5E146EA5-3F28-4B55-B9DF-8DD9C1217821}.Debug|Any CPU.Build.0 = Debug|Any CPU
		{5E146EA5-3F28-4B55-B9DF-8DD9C1217821}.Release|Any CPU.ActiveCfg = Release|Any CPU
		{5E146EA5-3F28-4B55-B9DF-8DD9C1217821}.Release|Any CPU.Build.0 = Release|Any CPU
	EndGlobalSection
	GlobalSection(SolutionProperties) = preSolution
		HideSolutionNode = FALSE
	EndGlobalSection
	GlobalSection(ExtensibilityGlobals) = postSolution
		SolutionGuid = {8CDEB529-2944-4E40-9389-3AF58673518E}
	EndGlobalSection
EndGlobal
